// !$*UTF8*$!
{
	archiveVersion = 1;
	classes = {
	};
	objectVersion = 51;
	objects = {

/* Begin PBXBuildFile section */
		2116AB03DB0FA9E0F993EAEF /* Pods_WebDetection.framework in Frameworks */ = {isa = PBXBuildFile; fileRef = 0E39C5362BD6676F5F675883 /* Pods_WebDetection.framework */; };
		4A89462A23164B4200BD3B54 /* NetworkEngine.swift in Sources */ = {isa = PBXBuildFile; fileRef = 4A89462923164B4200BD3B54 /* NetworkEngine.swift */; };
		4A89462C2316514900BD3B54 /* Models.swift in Sources */ = {isa = PBXBuildFile; fileRef = 4A89462B2316514900BD3B54 /* Models.swift */; };
		4A89462E231658AF00BD3B54 /* ImageResponseViewController.swift in Sources */ = {isa = PBXBuildFile; fileRef = 4A89462D231658AF00BD3B54 /* ImageResponseViewController.swift */; };
		4AD6896D231558B3002C39EE /* AppDelegate.swift in Sources */ = {isa = PBXBuildFile; fileRef = 4AD6896C231558B3002C39EE /* AppDelegate.swift */; };
		4AD6896F231558B3002C39EE /* ViewController.swift in Sources */ = {isa = PBXBuildFile; fileRef = 4AD6896E231558B3002C39EE /* ViewController.swift */; };
		4AD68972231558B3002C39EE /* Main.storyboard in Resources */ = {isa = PBXBuildFile; fileRef = 4AD68970231558B3002C39EE /* Main.storyboard */; };
		4AD68974231558B5002C39EE /* Assets.xcassets in Resources */ = {isa = PBXBuildFile; fileRef = 4AD68973231558B5002C39EE /* Assets.xcassets */; };
		4AD68977231558B5002C39EE /* LaunchScreen.storyboard in Resources */ = {isa = PBXBuildFile; fileRef = 4AD68975231558B5002C39EE /* LaunchScreen.storyboard */; };
		4AD6897F23155CF8002C39EE /* ImageViewController.swift in Sources */ = {isa = PBXBuildFile; fileRef = 4AD6897E23155CF8002C39EE /* ImageViewController.swift */; };
/* End PBXBuildFile section */

/* Begin PBXFileReference section */
		0E39C5362BD6676F5F675883 /* Pods_WebDetection.framework */ = {isa = PBXFileReference; explicitFileType = wrapper.framework; includeInIndex = 0; path = Pods_WebDetection.framework; sourceTree = BUILT_PRODUCTS_DIR; };
		4A89462923164B4200BD3B54 /* NetworkEngine.swift */ = {isa = PBXFileReference; lastKnownFileType = sourcecode.swift; path = NetworkEngine.swift; sourceTree = "<group>"; };
		4A89462B2316514900BD3B54 /* Models.swift */ = {isa = PBXFileReference; lastKnownFileType = sourcecode.swift; path = Models.swift; sourceTree = "<group>"; };
		4A89462D231658AF00BD3B54 /* ImageResponseViewController.swift */ = {isa = PBXFileReference; lastKnownFileType = sourcecode.swift; path = ImageResponseViewController.swift; sourceTree = "<group>"; };
		4AD68969231558B3002C39EE /* WebDetection.app */ = {isa = PBXFileReference; explicitFileType = wrapper.application; includeInIndex = 0; path = WebDetection.app; sourceTree = BUILT_PRODUCTS_DIR; };
		4AD6896C231558B3002C39EE /* AppDelegate.swift */ = {isa = PBXFileReference; lastKnownFileType = sourcecode.swift; path = AppDelegate.swift; sourceTree = "<group>"; };
		4AD6896E231558B3002C39EE /* ViewController.swift */ = {isa = PBXFileReference; lastKnownFileType = sourcecode.swift; path = ViewController.swift; sourceTree = "<group>"; };
		4AD68971231558B3002C39EE /* Base */ = {isa = PBXFileReference; lastKnownFileType = file.storyboard; name = Base; path = Base.lproj/Main.storyboard; sourceTree = "<group>"; };
		4AD68973231558B5002C39EE /* Assets.xcassets */ = {isa = PBXFileReference; lastKnownFileType = folder.assetcatalog; path = Assets.xcassets; sourceTree = "<group>"; };
		4AD68976231558B5002C39EE /* Base */ = {isa = PBXFileReference; lastKnownFileType = file.storyboard; name = Base; path = Base.lproj/LaunchScreen.storyboard; sourceTree = "<group>"; };
		4AD68978231558B5002C39EE /* Info.plist */ = {isa = PBXFileReference; lastKnownFileType = text.plist.xml; path = Info.plist; sourceTree = "<group>"; };
		4AD6897E23155CF8002C39EE /* ImageViewController.swift */ = {isa = PBXFileReference; lastKnownFileType = sourcecode.swift; path = ImageViewController.swift; sourceTree = "<group>"; };
		7F7CAB38617A2A912EA13FB0 /* Pods-WebDetection.release.xcconfig */ = {isa = PBXFileReference; includeInIndex = 1; lastKnownFileType = text.xcconfig; name = "Pods-WebDetection.release.xcconfig"; path = "Target Support Files/Pods-WebDetection/Pods-WebDetection.release.xcconfig"; sourceTree = "<group>"; };
		D61F0151874935FA2BA9345A /* Pods-WebDetection.debug.xcconfig */ = {isa = PBXFileReference; includeInIndex = 1; lastKnownFileType = text.xcconfig; name = "Pods-WebDetection.debug.xcconfig"; path = "Target Support Files/Pods-WebDetection/Pods-WebDetection.debug.xcconfig"; sourceTree = "<group>"; };
/* End PBXFileReference section */

/* Begin PBXFrameworksBuildPhase section */
		4AD68966231558B3002C39EE /* Frameworks */ = {
			isa = PBXFrameworksBuildPhase;
			buildActionMask = 2147483647;
			files = (
				2116AB03DB0FA9E0F993EAEF /* Pods_WebDetection.framework in Frameworks */,
			);
			runOnlyForDeploymentPostprocessing = 0;
		};
/* End PBXFrameworksBuildPhase section */

/* Begin PBXGroup section */
		041E1AED1451D47649671AF1 /* Frameworks */ = {
			isa = PBXGroup;
			children = (
				0E39C5362BD6676F5F675883 /* Pods_WebDetection.framework */,
			);
			name = Frameworks;
			sourceTree = "<group>";
		};
		06892BEE8AD6CBBF9D55F43E /* Pods */ = {
			isa = PBXGroup;
			children = (
				D61F0151874935FA2BA9345A /* Pods-WebDetection.debug.xcconfig */,
				7F7CAB38617A2A912EA13FB0 /* Pods-WebDetection.release.xcconfig */,
			);
			path = Pods;
			sourceTree = "<group>";
		};
		4AD68960231558B3002C39EE = {
			isa = PBXGroup;
			children = (
				4AD6896B231558B3002C39EE /* WebDetection */,
				4AD6896A231558B3002C39EE /* Products */,
				06892BEE8AD6CBBF9D55F43E /* Pods */,
				041E1AED1451D47649671AF1 /* Frameworks */,
			);
			sourceTree = "<group>";
		};
		4AD6896A231558B3002C39EE /* Products */ = {
			isa = PBXGroup;
			children = (
				4AD68969231558B3002C39EE /* WebDetection.app */,
			);
			name = Products;
			sourceTree = "<group>";
		};
		4AD6896B231558B3002C39EE /* WebDetection */ = {
			isa = PBXGroup;
			children = (
				4AD6896C231558B3002C39EE /* AppDelegate.swift */,
				4AD6896E231558B3002C39EE /* ViewController.swift */,
				4A89462923164B4200BD3B54 /* NetworkEngine.swift */,
				4A89462B2316514900BD3B54 /* Models.swift */,
				4AD6897E23155CF8002C39EE /* ImageViewController.swift */,
				4A89462D231658AF00BD3B54 /* ImageResponseViewController.swift */,
				4AD68970231558B3002C39EE /* Main.storyboard */,
				4AD68973231558B5002C39EE /* Assets.xcassets */,
				4AD68975231558B5002C39EE /* LaunchScreen.storyboard */,
				4AD68978231558B5002C39EE /* Info.plist */,
			);
			path = WebDetection;
			sourceTree = "<group>";
		};
/* End PBXGroup section */

/* Begin PBXNativeTarget section */
		4AD68968231558B3002C39EE /* WebDetection */ = {
			isa = PBXNativeTarget;
			buildConfigurationList = 4AD6897B231558B5002C39EE /* Build configuration list for PBXNativeTarget "WebDetection" */;
			buildPhases = (
				B420B2B9A98B030977D92602 /* [CP] Check Pods Manifest.lock */,
				4AD68965231558B3002C39EE /* Sources */,
				4AD68966231558B3002C39EE /* Frameworks */,
				4AD68967231558B3002C39EE /* Resources */,
				15530FB8F44AFA49FC614AAE /* [CP] Embed Pods Frameworks */,
			);
			buildRules = (
			);
			dependencies = (
			);
			name = WebDetection;
			productName = WebDetection;
			productReference = 4AD68969231558B3002C39EE /* WebDetection.app */;
			productType = "com.apple.product-type.application";
		};
/* End PBXNativeTarget section */

/* Begin PBXProject section */
		4AD68961231558B3002C39EE /* Project object */ = {
			isa = PBXProject;
			attributes = {
				LastSwiftUpdateCheck = 1020;
				LastUpgradeCheck = 1020;
				ORGANIZATIONNAME = Tintash;
				TargetAttributes = {
					4AD68968231558B3002C39EE = {
						CreatedOnToolsVersion = 10.2;
					};
				};
			};
			buildConfigurationList = 4AD68964231558B3002C39EE /* Build configuration list for PBXProject "WebDetection" */;
			compatibilityVersion = "Xcode 9.3";
			developmentRegion = en;
			hasScannedForEncodings = 0;
			knownRegions = (
				en,
				Base,
			);
			mainGroup = 4AD68960231558B3002C39EE;
			productRefGroup = 4AD6896A231558B3002C39EE /* Products */;
			projectDirPath = "";
			projectRoot = "";
			targets = (
				4AD68968231558B3002C39EE /* WebDetection */,
			);
		};
/* End PBXProject section */

/* Begin PBXResourcesBuildPhase section */
		4AD68967231558B3002C39EE /* Resources */ = {
			isa = PBXResourcesBuildPhase;
			buildActionMask = 2147483647;
			files = (
				4AD68977231558B5002C39EE /* LaunchScreen.storyboard in Resources */,
				4AD68974231558B5002C39EE /* Assets.xcassets in Resources */,
				4AD68972231558B3002C39EE /* Main.storyboard in Resources */,
			);
			runOnlyForDeploymentPostprocessing = 0;
		};
/* End PBXResourcesBuildPhase section */

/* Begin PBXShellScriptBuildPhase section */
		15530FB8F44AFA49FC614AAE /* [CP] Embed Pods Frameworks */ = {
			isa = PBXShellScriptBuildPhase;
			buildActionMask = 2147483647;
			files = (
			);
			inputFileListPaths = (
				"${PODS_ROOT}/Target Support Files/Pods-WebDetection/Pods-WebDetection-frameworks-${CONFIGURATION}-input-files.xcfilelist",
			);
			name = "[CP] Embed Pods Frameworks";
			outputFileListPaths = (
				"${PODS_ROOT}/Target Support Files/Pods-WebDetection/Pods-WebDetection-frameworks-${CONFIGURATION}-output-files.xcfilelist",
			);
			runOnlyForDeploymentPostprocessing = 0;
			shellPath = /bin/sh;
			shellScript = "\"${PODS_ROOT}/Target Support Files/Pods-WebDetection/Pods-WebDetection-frameworks.sh\"\n";
			showEnvVarsInLog = 0;
		};
		B420B2B9A98B030977D92602 /* [CP] Check Pods Manifest.lock */ = {
			isa = PBXShellScriptBuildPhase;
			buildActionMask = 2147483647;
			files = (
			);
			inputFileListPaths = (
			);
			inputPaths = (
				"${PODS_PODFILE_DIR_PATH}/Podfile.lock",
				"${PODS_ROOT}/Manifest.lock",
			);
			name = "[CP] Check Pods Manifest.lock";
			outputFileListPaths = (
			);
			outputPaths = (
				"$(DERIVED_FILE_DIR)/Pods-WebDetection-checkManifestLockResult.txt",
			);
			runOnlyForDeploymentPostprocessing = 0;
			shellPath = /bin/sh;
			shellScript = "diff \"${PODS_PODFILE_DIR_PATH}/Podfile.lock\" \"${PODS_ROOT}/Manifest.lock\" > /dev/null\nif [ $? != 0 ] ; then\n    # print error to STDERR\n    echo \"error: The sandbox is not in sync with the Podfile.lock. Run 'pod install' or update your CocoaPods installation.\" >&2\n    exit 1\nfi\n# This output is used by Xcode 'outputs' to avoid re-running this script phase.\necho \"SUCCESS\" > \"${SCRIPT_OUTPUT_FILE_0}\"\n";
			showEnvVarsInLog = 0;
		};
/* End PBXShellScriptBuildPhase section */

/* Begin PBXSourcesBuildPhase section */
		4AD68965231558B3002C39EE /* Sources */ = {
			isa = PBXSourcesBuildPhase;
			buildActionMask = 2147483647;
			files = (
				4AD6896F231558B3002C39EE /* ViewController.swift in Sources */,
				4A89462E231658AF00BD3B54 /* ImageResponseViewController.swift in Sources */,
				4AD6897F23155CF8002C39EE /* ImageViewController.swift in Sources */,
				4A89462A23164B4200BD3B54 /* NetworkEngine.swift in Sources */,
				4AD6896D231558B3002C39EE /* AppDelegate.swift in Sources */,
				4A89462C2316514900BD3B54 /* Models.swift in Sources */,
			);
			runOnlyForDeploymentPostprocessing = 0;
		};
/* End PBXSourcesBuildPhase section */

/* Begin PBXVariantGroup section */
		4AD68970231558B3002C39EE /* Main.storyboard */ = {
			isa = PBXVariantGroup;
			children = (
				4AD68971231558B3002C39EE /* Base */,
			);
			name = Main.storyboard;
			sourceTree = "<group>";
		};
		4AD68975231558B5002C39EE /* LaunchScreen.storyboard */ = {
			isa = PBXVariantGroup;
			children = (
				4AD68976231558B5002C39EE /* Base */,
			);
			name = LaunchScreen.storyboard;
			sourceTree = "<group>";
		};
/* End PBXVariantGroup section */

/* Begin XCBuildConfiguration section */
		4AD68979231558B5002C39EE /* Debug */ = {
			isa = XCBuildConfiguration;
			buildSettings = {
				ALWAYS_SEARCH_USER_PATHS = NO;
				CLANG_ANALYZER_NONNULL = YES;
				CLANG_ANALYZER_NUMBER_OBJECT_CONVERSION = YES_AGGRESSIVE;
				CLANG_CXX_LANGUAGE_STANDARD = "gnu++14";
				CLANG_CXX_LIBRARY = "libc++";
				CLANG_ENABLE_MODULES = YES;
				CLANG_ENABLE_OBJC_ARC = YES;
				CLANG_ENABLE_OBJC_WEAK = YES;
				CLANG_WARN_BLOCK_CAPTURE_AUTORELEASING = YES;
				CLANG_WARN_BOOL_CONVERSION = YES;
				CLANG_WARN_COMMA = YES;
				CLANG_WARN_CONSTANT_CONVERSION = YES;
				CLANG_WARN_DEPRECATED_OBJC_IMPLEMENTATIONS = YES;
				CLANG_WARN_DIRECT_OBJC_ISA_USAGE = YES_ERROR;
				CLANG_WARN_DOCUMENTATION_COMMENTS = YES;
				CLANG_WARN_EMPTY_BODY = YES;
				CLANG_WARN_ENUM_CONVERSION = YES;
				CLANG_WARN_INFINITE_RECURSION = YES;
				CLANG_WARN_INT_CONVERSION = YES;
				CLANG_WARN_NON_LITERAL_NULL_CONVERSION = YES;
				CLANG_WARN_OBJC_IMPLICIT_RETAIN_SELF = YES;
				CLANG_WARN_OBJC_LITERAL_CONVERSION = YES;
				CLANG_WARN_OBJC_ROOT_CLASS = YES_ERROR;
				CLANG_WARN_RANGE_LOOP_ANALYSIS = YES;
				CLANG_WARN_STRICT_PROTOTYPES = YES;
				CLANG_WARN_SUSPICIOUS_MOVE = YES;
				CLANG_WARN_UNGUARDED_AVAILABILITY = YES_AGGRESSIVE;
				CLANG_WARN_UNREACHABLE_CODE = YES;
				CLANG_WARN__DUPLICATE_METHOD_MATCH = YES;
				CODE_SIGN_IDENTITY = "iPhone Developer";
				COPY_PHASE_STRIP = NO;
				DEBUG_INFORMATION_FORMAT = dwarf;
				ENABLE_STRICT_OBJC_MSGSEND = YES;
				ENABLE_TESTABILITY = YES;
				GCC_C_LANGUAGE_STANDARD = gnu11;
				GCC_DYNAMIC_NO_PIC = NO;
				GCC_NO_COMMON_BLOCKS = YES;
				GCC_OPTIMIZATION_LEVEL = 0;
				GCC_PREPROCESSOR_DEFINITIONS = (
					"DEBUG=1",
					"$(inherited)",
				);
				GCC_WARN_64_TO_32_BIT_CONVERSION = YES;
				GCC_WARN_ABOUT_RETURN_TYPE = YES_ERROR;
				GCC_WARN_UNDECLARED_SELECTOR = YES;
				GCC_WARN_UNINITIALIZED_AUTOS = YES_AGGRESSIVE;
				GCC_WARN_UNUSED_FUNCTION = YES;
				GCC_WARN_UNUSED_VARIABLE = YES;
				IPHONEOS_DEPLOYMENT_TARGET = 12.2;
				MTL_ENABLE_DEBUG_INFO = INCLUDE_SOURCE;
				MTL_FAST_MATH = YES;
				ONLY_ACTIVE_ARCH = YES;
				SDKROOT = iphoneos;
				SWIFT_ACTIVE_COMPILATION_CONDITIONS = DEBUG;
				SWIFT_OPTIMIZATION_LEVEL = "-Onone";
			};
			name = Debug;
		};
		4AD6897A231558B5002C39EE /* Release */ = {
			isa = XCBuildConfiguration;
			buildSettings = {
				ALWAYS_SEARCH_USER_PATHS = NO;
				CLANG_ANALYZER_NONNULL = YES;
				CLANG_ANALYZER_NUMBER_OBJECT_CONVERSION = YES_AGGRESSIVE;
				CLANG_CXX_LANGUAGE_STANDARD = "gnu++14";
				CLANG_CXX_LIBRARY = "libc++";
				CLANG_ENABLE_MODULES = YES;
				CLANG_ENABLE_OBJC_ARC = YES;
				CLANG_ENABLE_OBJC_WEAK = YES;
				CLANG_WARN_BLOCK_CAPTURE_AUTORELEASING = YES;
				CLANG_WARN_BOOL_CONVERSION = YES;
				CLANG_WARN_COMMA = YES;
				CLANG_WARN_CONSTANT_CONVERSION = YES;
				CLANG_WARN_DEPRECATED_OBJC_IMPLEMENTATIONS = YES;
				CLANG_WARN_DIRECT_OBJC_ISA_USAGE = YES_ERROR;
				CLANG_WARN_DOCUMENTATION_COMMENTS = YES;
				CLANG_WARN_EMPTY_BODY = YES;
				CLANG_WARN_ENUM_CONVERSION = YES;
				CLANG_WARN_INFINITE_RECURSION = YES;
				CLANG_WARN_INT_CONVERSION = YES;
				CLANG_WARN_NON_LITERAL_NULL_CONVERSION = YES;
				CLANG_WARN_OBJC_IMPLICIT_RETAIN_SELF = YES;
				CLANG_WARN_OBJC_LITERAL_CONVERSION = YES;
				CLANG_WARN_OBJC_ROOT_CLASS = YES_ERROR;
				CLANG_WARN_RANGE_LOOP_ANALYSIS = YES;
				CLANG_WARN_STRICT_PROTOTYPES = YES;
				CLANG_WARN_SUSPICIOUS_MOVE = YES;
				CLANG_WARN_UNGUARDED_AVAILABILITY = YES_AGGRESSIVE;
				CLANG_WARN_UNREACHABLE_CODE = YES;
				CLANG_WARN__DUPLICATE_METHOD_MATCH = YES;
				CODE_SIGN_IDENTITY = "iPhone Developer";
				COPY_PHASE_STRIP = NO;
				DEBUG_INFORMATION_FORMAT = "dwarf-with-dsym";
				ENABLE_NS_ASSERTIONS = NO;
				ENABLE_STRICT_OBJC_MSGSEND = YES;
				GCC_C_LANGUAGE_STANDARD = gnu11;
				GCC_NO_COMMON_BLOCKS = YES;
				GCC_WARN_64_TO_32_BIT_CONVERSION = YES;
				GCC_WARN_ABOUT_RETURN_TYPE = YES_ERROR;
				GCC_WARN_UNDECLARED_SELECTOR = YES;
				GCC_WARN_UNINITIALIZED_AUTOS = YES_AGGRESSIVE;
				GCC_WARN_UNUSED_FUNCTION = YES;
				GCC_WARN_UNUSED_VARIABLE = YES;
				IPHONEOS_DEPLOYMENT_TARGET = 12.2;
				MTL_ENABLE_DEBUG_INFO = NO;
				MTL_FAST_MATH = YES;
				SDKROOT = iphoneos;
				SWIFT_COMPILATION_MODE = wholemodule;
				SWIFT_OPTIMIZATION_LEVEL = "-O";
				VALIDATE_PRODUCT = YES;
			};
			name = Release;
		};
		4AD6897C231558B5002C39EE /* Debug */ = {
			isa = XCBuildConfiguration;
			baseConfigurationReference = D61F0151874935FA2BA9345A /* Pods-WebDetection.debug.xcconfig */;
			buildSettings = {
				ASSETCATALOG_COMPILER_APPICON_NAME = AppIcon;
				CODE_SIGN_STYLE = Automatic;
				DEVELOPMENT_TEAM = 3R4SFQQY84;
				INFOPLIST_FILE = WebDetection/Info.plist;
				LD_RUNPATH_SEARCH_PATHS = (
					"$(inherited)",
					"@executable_path/Frameworks",
				);
				PRODUCT_BUNDLE_IDENTIFIER = com.tintash.WebDetection;
				PRODUCT_NAME = "$(TARGET_NAME)";
				SWIFT_VERSION = 5.0;
				TARGETED_DEVICE_FAMILY = "1,2";
			};
			name = Debug;
		};
		4AD6897D231558B5002C39EE /* Release */ = {
			isa = XCBuildConfiguration;
			baseConfigurationReference = 7F7CAB38617A2A912EA13FB0 /* Pods-WebDetection.release.xcconfig */;
			buildSettings = {
				ASSETCATALOG_COMPILER_APPICON_NAME = AppIcon;
				CODE_SIGN_STYLE = Automatic;
				DEVELOPMENT_TEAM = 3R4SFQQY84;
				INFOPLIST_FILE = WebDetection/Info.plist;
				LD_RUNPATH_SEARCH_PATHS = (
					"$(inherited)",
					"@executable_path/Frameworks",
				);
				PRODUCT_BUNDLE_IDENTIFIER = com.tintash.WebDetection;
				PRODUCT_NAME = "$(TARGET_NAME)";
				SWIFT_VERSION = 5.0;
				TARGETED_DEVICE_FAMILY = "1,2";
			};
			name = Release;
		};
/* End XCBuildConfiguration section */

/* Begin XCConfigurationList section */
		4AD68964231558B3002C39EE /* Build configuration list for PBXProject "WebDetection" */ = {
			isa = XCConfigurationList;
			buildConfigurations = (
				4AD68979231558B5002C39EE /* Debug */,
				4AD6897A231558B5002C39EE /* Release */,
			);
			defaultConfigurationIsVisible = 0;
			defaultConfigurationName = Release;
		};
		4AD6897B231558B5002C39EE /* Build configuration list for PBXNativeTarget "WebDetection" */ = {
			isa = XCConfigurationList;
			buildConfigurations = (
				4AD6897C231558B5002C39EE /* Debug */,
				4AD6897D231558B5002C39EE /* Release */,
			);
			defaultConfigurationIsVisible = 0;
			defaultConfigurationName = Release;
		};
/* End XCConfigurationList section */
	};
	rootObject = 4AD68961231558B3002C39EE /* Project object */;
}
